{
  "name": "criteria-adapter-greeter-example",
  "version": "0.1.0",
  "lockfileVersion": 3,
  "requires": true,
  "packages": {
    "": {
      "name": "criteria-adapter-greeter-example",
      "version": "0.1.0",
      "dependencies": {
        "@criteria/adapter-sdk": "file:../.."
      }
    },
    "../..": {
      "name": "@criteria/adapter-sdk",
      "version": "0.1.0",
      "license": "MIT",
      "dependencies": {
        "@grpc/grpc-js": "^1.12.0",
        "@grpc/proto-loader": "^0.7.13",
        "long": "^5.2.3",
        "protobufjs": "^7.4.0"
      },
      "devDependencies": {
        "@bufbuild/buf": "^1.50.0",
        "@bufbuild/protobuf": "^2.2.5",
        "@bufbuild/protoc-gen-es": "^2.2.5",
        "@connectrpc/protoc-gen-connect-es": "^1.6.1",
        "@types/bun": "^1.2.0",
        "@types/node": "^22.10.0",
        "@typescript-eslint/eslint-plugin": "^8.20.0",
        "@typescript-eslint/parser": "^8.20.0",
        "eslint": "^9.17.0",
        "prettier": "^3.4.0",
        "typescript": "^5.7.0"
      },
      "engines": {
        "bun": ">=1.2.0",
        "node": ">=20.0.0"
      },
      "peerDependencies": {
        "typescript": "^5.0.0"
      }
    },
    "node_modules/@criteria/adapter-sdk": {
      "resolved": "../..",
      "link": true
    }
  }
}
